
Microsoft Visual Studio Solution File, Format Version 12.00
# Visual Studio Version 16
VisualStudioVersion = 16.0.32126.315
MinimumVisualStudioVersion = 10.0.40219.1
Project("{9A19103F-16F7-4668-BE54-9A1E7A4F7556}") = "WebAppServer", "WebAppServer\WebAppServer.csproj", "{0A5383E4-D597-4005-B45D-721E8C2AF486}"
EndProject
Project("{9A19103F-16F7-4668-BE54-9A1E7A4F7556}") = "Tests_WebAppServer", "Tests_WebAppServer\Tests_WebAppServer.csproj", "{4AFD4576-7872-4462-BCE7-BAE463B4208B}"
EndProject
Project("{FAE04EC0-301F-11D3-BF4B-00C04F79EFBC}") = "DedicModels_Library", "DedicModels_Library\DedicModels_Library.csproj", "{B2ED1434-DF82-47B2-9336-68E899F01551}"
EndProject
Global
	GlobalSection(SolutionConfigurationPlatforms) = preSolution
		Debug|Any CPU = Debug|Any CPU
		Release|Any CPU = Release|Any CPU
	EndGlobalSection
	GlobalSection(ProjectConfigurationPlatforms) = postSolution
		{0A5383E4-D597-4005-B45D-721E8C2AF486}.Debug|Any CPU.ActiveCfg = Debug|Any CPU
		{0A5383E4-D597-4005-B45D-721E8C2AF486}.Debug|Any CPU.Build.0 = Debug|Any CPU
		{0A5383E4-D597-4005-B45D-721E8C2AF486}.Release|Any CPU.ActiveCfg = Release|Any CPU
		{0A5383E4-D597-4005-B45D-721E8C2AF486}.Release|Any CPU.Build.0 = Release|Any CPU
		{4AFD4576-7872-4462-BCE7-BAE463B4208B}.Debug|Any CPU.ActiveCfg = Debug|Any CPU
		{4AFD4576-7872-4462-BCE7-BAE463B4208B}.Debug|Any CPU.Build.0 = Debug|Any CPU
		{4AFD4576-7872-4462-BCE7-BAE463B4208B}.Release|Any CPU.ActiveCfg = Release|Any CPU
		{4AFD4576-7872-4462-BCE7-BAE463B4208B}.Release|Any CPU.Build.0 = Release|Any CPU
		{B2ED1434-DF82-47B2-9336-68E899F01551}.Debug|Any CPU.ActiveCfg = Debug|Any CPU
		{B2ED1434-DF82-47B2-9336-68E899F01551}.Debug|Any CPU.Build.0 = Debug|Any CPU
		{B2ED1434-DF82-47B2-9336-68E899F01551}.Release|Any CPU.ActiveCfg = Release|Any CPU
		{B2ED1434-DF82-47B2-9336-68E899F01551}.Release|Any CPU.Build.0 = Release|Any CPU
	EndGlobalSection
	GlobalSection(SolutionProperties) = preSolution
		HideSolutionNode = FALSE
	EndGlobalSection
	GlobalSection(ExtensibilityGlobals) = postSolution
		SolutionGuid = {B9D6B924-546A-48EC-9DC9-A2C469043AE0}
	EndGlobalSection
EndGlobal
